
Microsoft Visual Studio Solution File, Format Version 12.00
# Visual Studio Version 17
VisualStudioVersion = 17.10.35013.160
MinimumVisualStudioVersion = 10.0.40219.1
Project("{FAE04EC0-301F-11D3-BF4B-00C04F79EFBC}") = "Sussne four Assiment", "Sussne four Assiment\Sussne four Assiment.csproj", "{BCC373DC-4C5A-4D17-BAF2-D6C3B86E12B9}"
EndProject
Global
	GlobalSection(SolutionConfigurationPlatforms) = preSolution
		Debug|Any CPU = Debug|Any CPU
		Release|Any CPU = Release|Any CPU
	EndGlobalSection
	GlobalSection(ProjectConfigurationPlatforms) = postSolution
		{BCC373DC-4C5A-4D17-BAF2-D6C3B86E12B9}.Debug|Any CPU.ActiveCfg = Debug|Any CPU
		{BCC373DC-4C5A-4D17-BAF2-D6C3B86E12B9}.Debug|Any CPU.Build.0 = Debug|Any CPU
		{BCC373DC-4C5A-4D17-BAF2-D6C3B86E12B9}.Release|Any CPU.ActiveCfg = Release|Any CPU
		{BCC373DC-4C5A-4D17-BAF2-D6C3B86E12B9}.Release|Any CPU.Build.0 = Release|Any CPU
	EndGlobalSection
	GlobalSection(SolutionProperties) = preSolution
		HideSolutionNode = FALSE
	EndGlobalSection
	GlobalSection(ExtensibilityGlobals) = postSolution
		SolutionGuid = {D67948AF-61D8-46E2-9156-D4AFB049B57A}
	EndGlobalSection
EndGlobal
